
Microsoft Visual Studio Solution File, Format Version 12.00
Project("{FAE04EC0-301F-11D3-BF4B-00C04F79EFBC}") = "IBPatcher", "IBPatcher\IBPatcher.csproj", "{3EECEFC1-C425-4564-9682-5489410637D0}"
EndProject
Project("{FAE04EC0-301F-11D3-BF4B-00C04F79EFBC}") = "UnrealLib", "UnrealLib\UnrealLib\UnrealLib.csproj", "{F990A8BC-CA08-4AF7-A4B6-8AA089E74065}"
EndProject
Global
	GlobalSection(SolutionConfigurationPlatforms) = preSolution
		Debug|Any CPU = Debug|Any CPU
		Release|Any CPU = Release|Any CPU
	EndGlobalSection
	GlobalSection(ProjectConfigurationPlatforms) = postSolution
		{3EECEFC1-C425-4564-9682-5489410637D0}.Debug|Any CPU.ActiveCfg = Debug|Any CPU
		{3EECEFC1-C425-4564-9682-5489410637D0}.Debug|Any CPU.Build.0 = Debug|Any CPU
		{3EECEFC1-C425-4564-9682-5489410637D0}.Release|Any CPU.ActiveCfg = Release|Any CPU
		{3EECEFC1-C425-4564-9682-5489410637D0}.Release|Any CPU.Build.0 = Release|Any CPU
		{F990A8BC-CA08-4AF7-A4B6-8AA089E74065}.Debug|Any CPU.ActiveCfg = Debug|Any CPU
		{F990A8BC-CA08-4AF7-A4B6-8AA089E74065}.Debug|Any CPU.Build.0 = Debug|Any CPU
		{F990A8BC-CA08-4AF7-A4B6-8AA089E74065}.Release|Any CPU.ActiveCfg = Release|Any CPU
		{F990A8BC-CA08-4AF7-A4B6-8AA089E74065}.Release|Any CPU.Build.0 = Release|Any CPU
	EndGlobalSection
EndGlobal
